PODS:
  - Flutter (1.0.0)
  - passive_face_liveness (4.5.0):
    - Flutter
    - PassiveFaceLiveness (= 5.5.3)
  - PassiveFaceLiveness (5.5.3):
    - Sentry (= 7.1.3)
  - "permission_handler (5.0.1+1)":
    - Flutter
  - Sentry (7.1.3):
    - Sentry/Core (= 7.1.3)
  - Sentry/Core (7.1.3)

DEPENDENCIES:
  - Flutter (from `Flutter`)
  - passive_face_liveness (from `.symlinks/plugins/passive_face_liveness/ios`)
  - permission_handler (from `.symlinks/plugins/permission_handler/ios`)

SPEC REPOS:
  https://github.com/combateafraude/iOS.git:
    - PassiveFaceLiveness
  trunk:
    - Sentry

EXTERNAL SOURCES:
  Flutter:
    :path: Flutter
  passive_face_liveness:
    :path: ".symlinks/plugins/passive_face_liveness/ios"
  permission_handler:
    :path: ".symlinks/plugins/permission_handler/ios"

SPEC CHECKSUMS:
  Flutter: 50d75fe2f02b26cc09d224853bb45737f8b3214a
  passive_face_liveness: 66212b9654c51379ce279022e7005bd206115195
  PassiveFaceLiveness: acbec195232d9b52b2f927bd281b16e96f30d590
  permission_handler: eac8e15b4a1a3fba55b761d19f3f4e6b005d15b6
  Sentry: 6d963d64804dd06d96e778be729613f481394312

PODFILE CHECKSUM: 48ed8943beec15aeee7d28a74e100b515836e362

COCOAPODS: 1.11.2
