PODS:
  - document_detector (5.26.3):
    - DocumentDetectorNoSentry (= 7.12.2)
    - Flutter
  - DocumentDetectorNoSentry (7.12.2)
  - Flutter (1.0.0)
  - permission_handler (5.0.0):
    - Flutter

DEPENDENCIES:
  - document_detector (from `.symlinks/plugins/document_detector/ios`)
  - Flutter (from `Flutter`)
  - permission_handler (from `.symlinks/plugins/permission_handler/ios`)

SPEC REPOS:
  https://github.com/combateafraude/iOS.git:
    - DocumentDetectorNoSentry

EXTERNAL SOURCES:
  document_detector:
    :path: ".symlinks/plugins/document_detector/ios"
  Flutter:
    :path: Flutter
  permission_handler:
    :path: ".symlinks/plugins/permission_handler/ios"

SPEC CHECKSUMS:
  document_detector: a5bcb8fe623c1e54460d9d4b8c315fdc38f162fb
  DocumentDetectorNoSentry: 1f210851d0920b946c90fe3487616baff0323a59
  Flutter: f04841e97a9d0b0a8025694d0796dd46242b2854
  permission_handler: c136c8d87d3438c7fad2754fe144e5f712c536b2

PODFILE CHECKSUM: 48ed8943beec15aeee7d28a74e100b515836e362

COCOAPODS: 1.12.0
