PODS:
  - document_detector (5.26.3):
    - DocumentDetector (= 7.12.2)
    - Flutter
  - DocumentDetector (7.12.2):
    - Sentry (= 7.11.0)
  - Flutter (1.0.0)
  - permission_handler (5.0.0):
    - Flutter
  - Sentry (7.11.0):
    - Sentry/Core (= 7.11.0)
  - Sentry/Core (7.11.0)

DEPENDENCIES:
  - document_detector (from `.symlinks/plugins/document_detector/ios`)
  - Flutter (from `Flutter`)
  - permission_handler (from `.symlinks/plugins/permission_handler/ios`)

SPEC REPOS:
  https://github.com/combateafraude/iOS.git:
    - DocumentDetector
  trunk:
    - Sentry

EXTERNAL SOURCES:
  document_detector:
    :path: ".symlinks/plugins/document_detector/ios"
  Flutter:
    :path: Flutter
  permission_handler:
    :path: ".symlinks/plugins/permission_handler/ios"

SPEC CHECKSUMS:
  document_detector: 72a687c6b3a2dd61d7148887521f3624836eff8c
  DocumentDetector: ab07d68c530fd33076ab405f1b1a705c51376d3e
  Flutter: f04841e97a9d0b0a8025694d0796dd46242b2854
  permission_handler: c136c8d87d3438c7fad2754fe144e5f712c536b2
  Sentry: 0c5cd63d714187b4a39c331c1f0eb04ba7868341

PODFILE CHECKSUM: 48ed8943beec15aeee7d28a74e100b515836e362

COCOAPODS: 1.12.0
